
Microsoft Visual Studio Solution File, Format Version 12.00
# Visual Studio 2012
Project("{FAE04EC0-301F-11D3-BF4B-00C04F79EFBC}") = "Project 12-2", "Project 12-2\Project 12-2.csproj", "{C92EDF06-1C54-46CD-9F63-B13500CE0587}"
EndProject
Global
	GlobalSection(SolutionConfigurationPlatforms) = preSolution
		Debug|Any CPU = Debug|Any CPU
		Release|Any CPU = Release|Any CPU
	EndGlobalSection
	GlobalSection(ProjectConfigurationPlatforms) = postSolution
		{C92EDF06-1C54-46CD-9F63-B13500CE0587}.Debug|Any CPU.ActiveCfg = Debug|Any CPU
		{C92EDF06-1C54-46CD-9F63-B13500CE0587}.Debug|Any CPU.Build.0 = Debug|Any CPU
		{C92EDF06-1C54-46CD-9F63-B13500CE0587}.Release|Any CPU.ActiveCfg = Release|Any CPU
		{C92EDF06-1C54-46CD-9F63-B13500CE0587}.Release|Any CPU.Build.0 = Release|Any CPU
	EndGlobalSection
	GlobalSection(SolutionProperties) = preSolution
		HideSolutionNode = FALSE
	EndGlobalSection
EndGlobal
